
Microsoft Visual Studio Solution File, Format Version 12.00
# Visual Studio Version 16
VisualStudioVersion = 16.0.32510.428
MinimumVisualStudioVersion = 10.0.40219.1
Project("{FAE04EC0-301F-11D3-BF4B-00C04F79EFBC}") = "GtTrainer", "GtTrainer\GtTrainer.csproj", "{DAA90020-CB5A-4F57-96A3-6603B70B5A56}"
EndProject
Global
	GlobalSection(SolutionConfigurationPlatforms) = preSolution
		Debug|Any CPU = Debug|Any CPU
		Release|Any CPU = Release|Any CPU
	EndGlobalSection
	GlobalSection(ProjectConfigurationPlatforms) = postSolution
		{DAA90020-CB5A-4F57-96A3-6603B70B5A56}.Debug|Any CPU.ActiveCfg = Debug|Any CPU
		{DAA90020-CB5A-4F57-96A3-6603B70B5A56}.Debug|Any CPU.Build.0 = Debug|Any CPU
		{DAA90020-CB5A-4F57-96A3-6603B70B5A56}.Release|Any CPU.ActiveCfg = Release|Any CPU
		{DAA90020-CB5A-4F57-96A3-6603B70B5A56}.Release|Any CPU.Build.0 = Release|Any CPU
	EndGlobalSection
	GlobalSection(SolutionProperties) = preSolution
		HideSolutionNode = FALSE
	EndGlobalSection
	GlobalSection(ExtensibilityGlobals) = postSolution
		SolutionGuid = {EA5C8E44-0F1E-471D-8899-7F114F452F23}
	EndGlobalSection
EndGlobal
